
Microsoft Visual Studio Solution File, Format Version 12.00
# Visual Studio Version 17
VisualStudioVersion = 17.8.34525.116
MinimumVisualStudioVersion = 10.0.40219.1
Project("{778DAE3C-4631-46EA-AA77-85C1314464D9}") = "concert", "concert\concert.vbproj", "{BCEFDF38-82DB-4152-ABF0-83D3C87C9EA4}"
EndProject
Global
	GlobalSection(SolutionConfigurationPlatforms) = preSolution
		Debug|Any CPU = Debug|Any CPU
		Release|Any CPU = Release|Any CPU
	EndGlobalSection
	GlobalSection(ProjectConfigurationPlatforms) = postSolution
		{BCEFDF38-82DB-4152-ABF0-83D3C87C9EA4}.Debug|Any CPU.ActiveCfg = Debug|Any CPU
		{BCEFDF38-82DB-4152-ABF0-83D3C87C9EA4}.Debug|Any CPU.Build.0 = Debug|Any CPU
		{BCEFDF38-82DB-4152-ABF0-83D3C87C9EA4}.Release|Any CPU.ActiveCfg = Release|Any CPU
		{BCEFDF38-82DB-4152-ABF0-83D3C87C9EA4}.Release|Any CPU.Build.0 = Release|Any CPU
	EndGlobalSection
	GlobalSection(SolutionProperties) = preSolution
		HideSolutionNode = FALSE
	EndGlobalSection
	GlobalSection(ExtensibilityGlobals) = postSolution
		SolutionGuid = {55541183-A594-4EC4-B4BC-36EE82F8E3A1}
	EndGlobalSection
EndGlobal
